{
    "requires": true,
    "lockfileVersion": 1,
    "dependencies": {
        "async": {
            "version": "0.1.22",
            "resolved": "https://registry.npmjs.org/async/-/async-0.1.22.tgz",
            "integrity": "sha1-D8GqoIig4+8Ovi2IMbqw3PiEUGE="
        },
        "balanced-match": {
            "version": "1.0.0",
            "resolved": "https://registry.npmjs.org/balanced-match/-/balanced-match-1.0.0.tgz",
            "integrity": "sha1-ibTRmasr7kneFk6gK4nORi1xt2c="
        },
        "base64-js": {
            "version": "1.1.2",
            "resolved": "https://registry.npmjs.org/base64-js/-/base64-js-1.1.2.tgz",
            "integrity": "sha1-1kAMrBxMZgl22Q0HoENR2JOV9eg="
        },
        "big-integer": {
            "version": "1.6.34",
            "resolved": "https://registry.npmjs.org/big-integer/-/big-integer-1.6.34.tgz",
            "integrity": "sha512-+w6B0Uo0ZvTSzDkXjoBCTNK0oe+aVL+yPi7kwGZm8hd8+Nj1AFPoxoq1Bl/mEu/G/ivOkUc1LRqVR0XeWFUzuA=="
        },
        "bplist-creator": {
            "version": "0.0.7",
            "resolved": "https://registry.npmjs.org/bplist-creator/-/bplist-creator-0.0.7.tgz",
            "integrity": "sha1-N98VNgkoJLh8QvlXsBNEEXNyrkU=",
            "requires": {
                "stream-buffers": "2.2.0"
            }
        },
        "bplist-parser": {
            "version": "0.1.1",
            "resolved": "https://registry.npmjs.org/bplist-parser/-/bplist-parser-0.1.1.tgz",
            "integrity": "sha1-1g1dzCDLptx+HymbNdPh+V2vuuY=",
            "requires": {
                "big-integer": "1.6.34"
            }
        },
        "brace-expansion": {
            "version": "1.1.11",
            "resolved": "https://registry.npmjs.org/brace-expansion/-/brace-expansion-1.1.11.tgz",
            "integrity": "sha512-iCuPHDFgrHX7H2vEI/5xpz07zSHB00TpugqhmYtVmMO6518mCuRMoOYFldEBl0g187ufozdaHgWKcYFb61qGiA==",
            "requires": {
                "balanced-match": "1.0.0",
                "concat-map": "0.0.1"
            }
        },
        "colors": {
            "version": "0.6.2",
            "resolved": "https://registry.npmjs.org/colors/-/colors-0.6.2.tgz",
            "integrity": "sha1-JCP+ZnisDF2uiFLl0OW+CMmXq8w="
        },
        "concat-map": {
            "version": "0.0.1",
            "resolved": "https://registry.npmjs.org/concat-map/-/concat-map-0.0.1.tgz",
            "integrity": "sha1-2Klr13/Wjfd5OnMDajug1UBdR3s="
        },
        "fs-extra": {
            "version": "2.1.2",
            "resolved": "https://registry.npmjs.org/fs-extra/-/fs-extra-2.1.2.tgz",
            "integrity": "sha1-BGxwFjzvmq1GsOSn+kZ/si1x3jU=",
            "requires": {
                "graceful-fs": "4.1.11",
                "jsonfile": "2.4.0"
            }
        },
        "glob": {
            "version": "6.0.4",
            "resolved": "https://registry.npmjs.org/glob/-/glob-6.0.4.tgz",
            "integrity": "sha1-DwiGD2oVUSey+t1PnOJLGqtuTSI=",
            "requires": {
                "inflight": "1.0.6",
                "inherits": "2.0.3",
                "minimatch": "3.0.4",
                "once": "1.4.0",
                "path-is-absolute": "1.0.1"
            }
        },
        "graceful-fs": {
            "version": "4.1.11",
            "resolved": "https://registry.npmjs.org/graceful-fs/-/graceful-fs-4.1.11.tgz",
            "integrity": "sha1-Dovf5NHduIVNZOBOp8AOKgJuVlg="
        },
        "inflight": {
            "version": "1.0.6",
            "resolved": "https://registry.npmjs.org/inflight/-/inflight-1.0.6.tgz",
            "integrity": "sha1-Sb1jMdfQLQwJvJEKEHW6gWW1bfk=",
            "requires": {
                "once": "1.4.0",
                "wrappy": "1.0.2"
            }
        },
        "inherits": {
            "version": "2.0.3",
            "resolved": "https://registry.npmjs.org/inherits/-/inherits-2.0.3.tgz",
            "integrity": "sha1-Yzwsg+PaQqUC9SRmAiSA9CCCYd4="
        },
        "jsonfile": {
            "version": "2.4.0",
            "resolved": "https://registry.npmjs.org/jsonfile/-/jsonfile-2.4.0.tgz",
            "integrity": "sha1-NzaitCi4e72gzIO1P6PWM6NcKug=",
            "requires": {
                "graceful-fs": "4.1.11"
            }
        },
        "minimatch": {
            "version": "3.0.4",
            "resolved": "https://registry.npmjs.org/minimatch/-/minimatch-3.0.4.tgz",
            "integrity": "sha512-yJHVQEhyqPLUTgt9B83PXu6W3rx4MvvHvSUvToogpwoGDOUQ+yDrR0HRot+yOCdCO7u4hX3pWft6kWBBcqh0UA==",
            "requires": {
                "brace-expansion": "1.1.11"
            }
        },
        "minimist": {
            "version": "0.0.8",
            "resolved": "https://registry.npmjs.org/minimist/-/minimist-0.0.8.tgz",
            "integrity": "sha1-hX/Kv8M5fSYluCKCYuhqp6ARsF0="
        },
        "mkdirp": {
            "version": "0.5.1",
            "resolved": "http://registry.npmjs.org/mkdirp/-/mkdirp-0.5.1.tgz",
            "integrity": "sha1-MAV0OOrGz3+MR2fzhkjWaX11yQM=",
            "requires": {
                "minimist": "0.0.8"
            }
        },
        "mute-stream": {
            "version": "0.0.7",
            "resolved": "https://registry.npmjs.org/mute-stream/-/mute-stream-0.0.7.tgz",
            "integrity": "sha1-MHXOk7whuPq0PhvE2n6BFe0ee6s="
        },
        "nativescript-geolocation": {
            "version": "4.3.0",
            "resolved": "https://registry.npmjs.org/nativescript-geolocation/-/nativescript-geolocation-4.3.0.tgz",
            "integrity": "sha512-dzsJx+zdPytZX0eet9nqL54WvflpSkC9vDnSFDt85DqmgOImfn0RQEL1UasrczB3hjB8VsYjGMBR3hTxypmdLQ==",
            "requires": {
                "nativescript-permissions": "1.2.3"
            }
        },
        "nativescript-google-maps-sdk": {
            "version": "2.6.1",
            "resolved": "https://registry.npmjs.org/nativescript-google-maps-sdk/-/nativescript-google-maps-sdk-2.6.1.tgz",
            "integrity": "sha512-CGzf/WYukGcGyDY6fqw6NEX4VovbpGC/4fRxWfTQ/F82uCrztW3xxpwt9xJgw5jO70QAGRtlEjIg7U2xXlqIYA=="
        },
        "nativescript-hook": {
            "version": "0.2.4",
            "resolved": "https://registry.npmjs.org/nativescript-hook/-/nativescript-hook-0.2.4.tgz",
            "integrity": "sha1-5ZHh2a1BWotPMwnBVzFXevRKPdQ=",
            "requires": {
                "glob": "6.0.4",
                "mkdirp": "0.5.1"
            }
        },
        "nativescript-permissions": {
            "version": "1.2.3",
            "resolved": "https://registry.npmjs.org/nativescript-permissions/-/nativescript-permissions-1.2.3.tgz",
            "integrity": "sha1-4+ZVRfmP5IjdVXj3/5DrrjCI5wA="
        },
        "nativescript-plugin-firebase": {
            "version": "6.6.0",
            "resolved": "https://registry.npmjs.org/nativescript-plugin-firebase/-/nativescript-plugin-firebase-6.6.0.tgz",
            "integrity": "sha512-trnjIYYYapQTFbdZyO1lM93KN5zY29+KRqmyW1mVf/B4B7X3kzvt/IlPD6hFZV7FJvfXiFQ9CA/lxxGyInQn3w==",
            "requires": {
                "fs-extra": "2.1.2",
                "nativescript-hook": "0.2.4",
                "prompt-lite": "0.1.1",
                "xcode": "0.9.3"
            }
        },
        "nativescript-theme-core": {
            "version": "1.0.4",
            "resolved": "https://registry.npmjs.org/nativescript-theme-core/-/nativescript-theme-core-1.0.4.tgz",
            "integrity": "sha1-zyiAx/vy/l9D4iNdMJdQeQgD7+E="
        },
        "nativescript-ui-core": {
            "version": "2.0.0",
            "resolved": "https://registry.npmjs.org/nativescript-ui-core/-/nativescript-ui-core-2.0.0.tgz",
            "integrity": "sha512-Xj0S2aAlLUwWjkcQpapOWfMfTtR7B4B+pB+mTeZm7+9lFleTis8t1sUeCF9OWy4G6Rg964V9UlYafPL5wOfFqw=="
        },
        "nativescript-ui-sidedrawer": {
            "version": "4.3.0",
            "resolved": "https://registry.npmjs.org/nativescript-ui-sidedrawer/-/nativescript-ui-sidedrawer-4.3.0.tgz",
            "integrity": "sha512-BuIiXw/TQtuD+t1HIfGwctYC5b+KxUwzsd56JY5uY1TeTLFFNlSaE2SUHcuO9X5IgJKd8leu9t4LoSdfgqM+ew==",
            "requires": {
                "nativescript-ui-core": "2.0.0"
            }
        },
        "once": {
            "version": "1.4.0",
            "resolved": "https://registry.npmjs.org/once/-/once-1.4.0.tgz",
            "integrity": "sha1-WDsap3WWHUsROsF9nFC6753Xa9E=",
            "requires": {
                "wrappy": "1.0.2"
            }
        },
        "path-is-absolute": {
            "version": "1.0.1",
            "resolved": "https://registry.npmjs.org/path-is-absolute/-/path-is-absolute-1.0.1.tgz",
            "integrity": "sha1-F0uSaHNVNP+8es5r9TpanhtcX18="
        },
        "pegjs": {
            "version": "0.10.0",
            "resolved": "https://registry.npmjs.org/pegjs/-/pegjs-0.10.0.tgz",
            "integrity": "sha1-z4uvrm7d/0tafvsYUmnqr0YQ3b0="
        },
        "plist": {
            "version": "2.0.1",
            "resolved": "https://registry.npmjs.org/plist/-/plist-2.0.1.tgz",
            "integrity": "sha1-CjLKlIGxw2TpLhjcVch23p0B2os=",
            "requires": {
                "base64-js": "1.1.2",
                "xmlbuilder": "8.2.2",
                "xmldom": "0.1.27"
            }
        },
        "prompt-lite": {
            "version": "0.1.1",
            "resolved": "https://registry.npmjs.org/prompt-lite/-/prompt-lite-0.1.1.tgz",
            "integrity": "sha1-+oSPgboTnn0/Mhdz3a/JPTKFfHU=",
            "requires": {
                "async": "0.1.22",
                "colors": "0.6.2",
                "read": "1.0.7",
                "revalidator": "0.1.8"
            }
        },
        "read": {
            "version": "1.0.7",
            "resolved": "https://registry.npmjs.org/read/-/read-1.0.7.tgz",
            "integrity": "sha1-s9oZvQUkMal2cdRKQmNK33ELQMQ=",
            "requires": {
                "mute-stream": "0.0.7"
            }
        },
        "revalidator": {
            "version": "0.1.8",
            "resolved": "https://registry.npmjs.org/revalidator/-/revalidator-0.1.8.tgz",
            "integrity": "sha1-/s5hv6DBtSoga9axgZgYS91SOjs="
        },
        "simple-plist": {
            "version": "0.2.1",
            "resolved": "https://registry.npmjs.org/simple-plist/-/simple-plist-0.2.1.tgz",
            "integrity": "sha1-cXZts1IyaSjPOoByQrp2IyJjZyM=",
            "requires": {
                "bplist-creator": "0.0.7",
                "bplist-parser": "0.1.1",
                "plist": "2.0.1"
            }
        },
        "stream-buffers": {
            "version": "2.2.0",
            "resolved": "https://registry.npmjs.org/stream-buffers/-/stream-buffers-2.2.0.tgz",
            "integrity": "sha1-kdX1Ew0c75bc+n9yaUUYh0HQnuQ="
        },
        "tns-core-modules": {
            "version": "4.2.0",
            "resolved": "https://registry.npmjs.org/tns-core-modules/-/tns-core-modules-4.2.0.tgz",
            "integrity": "sha512-tEbQfeXVp6i9RJAmC+erd63mr6NYw5nX/gzYDVb1Va52/Jdj9ZeGbXKAPyjVXZ3BGI6O9QM1jQUem/Ow6v5FqQ==",
            "requires": {
                "tns-core-modules-widgets": "4.2.0"
            }
        },
        "tns-core-modules-widgets": {
            "version": "4.2.0",
            "resolved": "https://registry.npmjs.org/tns-core-modules-widgets/-/tns-core-modules-widgets-4.2.0.tgz",
            "integrity": "sha512-0YlfWN1Wy2qFlnzwrwit910whA9TC9en1PxS/5Yx63lL9uXHyOB53C8POnKfM82YUFVPxifcpuYtCC7+DBXbag=="
        },
        "uuid": {
            "version": "3.0.1",
            "resolved": "https://registry.npmjs.org/uuid/-/uuid-3.0.1.tgz",
            "integrity": "sha1-ZUS7ot/ajBzxfmKaOjBeK7H+5sE="
        },
        "wrappy": {
            "version": "1.0.2",
            "resolved": "https://registry.npmjs.org/wrappy/-/wrappy-1.0.2.tgz",
            "integrity": "sha1-tSQ9jz7BqjXxNkYFvA0QNuMKtp8="
        },
        "xcode": {
            "version": "0.9.3",
            "resolved": "https://registry.npmjs.org/xcode/-/xcode-0.9.3.tgz",
            "integrity": "sha1-kQqJwWrubMC0LKgFptC0z4chHPM=",
            "requires": {
                "pegjs": "0.10.0",
                "simple-plist": "0.2.1",
                "uuid": "3.0.1"
            }
        },
        "xmlbuilder": {
            "version": "8.2.2",
            "resolved": "https://registry.npmjs.org/xmlbuilder/-/xmlbuilder-8.2.2.tgz",
            "integrity": "sha1-aSSGc0ELS6QuGmE2VR0pIjNap3M="
        },
        "xmldom": {
            "version": "0.1.27",
            "resolved": "https://registry.npmjs.org/xmldom/-/xmldom-0.1.27.tgz",
            "integrity": "sha1-1QH5ezvbQDr4757MIFcxh6rawOk="
        }
    }
}
